
Microsoft Visual Studio Solution File, Format Version 12.00
# Visual Studio 15
VisualStudioVersion = 15.0.28010.2048
MinimumVisualStudioVersion = 10.0.40219.1
Project("{FAE04EC0-301F-11D3-BF4B-00C04F79EFBC}") = "IndicadorGefran", "IndicadorGefran.csproj", "{623750F4-DF9D-4245-A37B-459938BA5CCE}"
EndProject
Global
	GlobalSection(SolutionConfigurationPlatforms) = preSolution
		Debug|Any CPU = Debug|Any CPU
		Release|Any CPU = Release|Any CPU
	EndGlobalSection
	GlobalSection(ProjectConfigurationPlatforms) = postSolution
		{623750F4-DF9D-4245-A37B-459938BA5CCE}.Debug|Any CPU.ActiveCfg = Debug|Any CPU
		{623750F4-DF9D-4245-A37B-459938BA5CCE}.Debug|Any CPU.Build.0 = Debug|Any CPU
		{623750F4-DF9D-4245-A37B-459938BA5CCE}.Release|Any CPU.ActiveCfg = Release|Any CPU
		{623750F4-DF9D-4245-A37B-459938BA5CCE}.Release|Any CPU.Build.0 = Release|Any CPU
	EndGlobalSection
	GlobalSection(SolutionProperties) = preSolution
		HideSolutionNode = FALSE
	EndGlobalSection
	GlobalSection(ExtensibilityGlobals) = postSolution
		SolutionGuid = {4AC13A50-F28C-4782-BDF7-326D36AFF615}
	EndGlobalSection
EndGlobal
